
Microsoft Visual Studio Solution File, Format Version 12.00
Project("{FAE04EC0-301F-11D3-BF4B-00C04F79EFBC}") = "Sample.WebAssembly", "Sample.WebAssembly\Sample.WebAssembly.csproj", "{55E3B4E8-DB96-4DCB-A350-08CE1F85DCA8}"
EndProject
Project("{FAE04EC0-301F-11D3-BF4B-00C04F79EFBC}") = "BlazorMvc", "BlazorMvc\BlazorMvc.csproj", "{9354EF32-260F-46F9-AA5C-6F04EE098D51}"
EndProject
Global
	GlobalSection(SolutionConfigurationPlatforms) = preSolution
		Debug|Any CPU = Debug|Any CPU
		Release|Any CPU = Release|Any CPU
	EndGlobalSection
	GlobalSection(ProjectConfigurationPlatforms) = postSolution
		{55E3B4E8-DB96-4DCB-A350-08CE1F85DCA8}.Debug|Any CPU.ActiveCfg = Debug|Any CPU
		{55E3B4E8-DB96-4DCB-A350-08CE1F85DCA8}.Debug|Any CPU.Build.0 = Debug|Any CPU
		{55E3B4E8-DB96-4DCB-A350-08CE1F85DCA8}.Release|Any CPU.ActiveCfg = Release|Any CPU
		{55E3B4E8-DB96-4DCB-A350-08CE1F85DCA8}.Release|Any CPU.Build.0 = Release|Any CPU
		{9354EF32-260F-46F9-AA5C-6F04EE098D51}.Debug|Any CPU.ActiveCfg = Debug|Any CPU
		{9354EF32-260F-46F9-AA5C-6F04EE098D51}.Debug|Any CPU.Build.0 = Debug|Any CPU
		{9354EF32-260F-46F9-AA5C-6F04EE098D51}.Release|Any CPU.ActiveCfg = Release|Any CPU
		{9354EF32-260F-46F9-AA5C-6F04EE098D51}.Release|Any CPU.Build.0 = Release|Any CPU
	EndGlobalSection
EndGlobal
