
Microsoft Visual Studio Solution File, Format Version 12.00
# Visual Studio Version 17
VisualStudioVersion = 17.0.31912.275
MinimumVisualStudioVersion = 10.0.40219.1
Project("{9A19103F-16F7-4668-BE54-9A1E7A4F7556}") = "Sample.WebAssembly", "Sample.WebAssembly\Sample.WebAssembly.csproj", "{55E3B4E8-DB96-4DCB-A350-08CE1F85DCA8}"
EndProject
Project("{9A19103F-16F7-4668-BE54-9A1E7A4F7556}") = "BlazorMvc", "BlazorMvc\BlazorMvc.csproj", "{9354EF32-260F-46F9-AA5C-6F04EE098D51}"
EndProject
Project("{9A19103F-16F7-4668-BE54-9A1E7A4F7556}") = "Sample.WebAssemblyNet31", "Sample.WebAssemblyNet31\Sample.WebAssemblyNet31.csproj", "{DA1C08C6-364B-400C-B305-4BEFBC5F5C53}"
EndProject
Project("{9A19103F-16F7-4668-BE54-9A1E7A4F7556}") = "Sample.BlazorServerNet6", "Sample.BlazorServerNet6\Sample.BlazorServerNet6.csproj", "{2930944F-1F73-4030-AF3D-E010F3FB769E}"
	ProjectSection(ProjectDependencies) = postProject
		{9354EF32-260F-46F9-AA5C-6F04EE098D51} = {9354EF32-260F-46F9-AA5C-6F04EE098D51}
	EndProjectSection
EndProject
Project("{9A19103F-16F7-4668-BE54-9A1E7A4F7556}") = "Sample.WebAssemblyNet6", "Sample.WebAssemblyNet6\Sample.WebAssemblyNet6.csproj", "{26F446BB-3677-4765-AE56-6834393DC7F4}"
	ProjectSection(ProjectDependencies) = postProject
		{9354EF32-260F-46F9-AA5C-6F04EE098D51} = {9354EF32-260F-46F9-AA5C-6F04EE098D51}
	EndProjectSection
EndProject
Global
	GlobalSection(SolutionConfigurationPlatforms) = preSolution
		Debug|Any CPU = Debug|Any CPU
		Release|Any CPU = Release|Any CPU
	EndGlobalSection
	GlobalSection(ProjectConfigurationPlatforms) = postSolution
		{55E3B4E8-DB96-4DCB-A350-08CE1F85DCA8}.Debug|Any CPU.ActiveCfg = Debug|Any CPU
		{55E3B4E8-DB96-4DCB-A350-08CE1F85DCA8}.Debug|Any CPU.Build.0 = Debug|Any CPU
		{55E3B4E8-DB96-4DCB-A350-08CE1F85DCA8}.Release|Any CPU.ActiveCfg = Release|Any CPU
		{55E3B4E8-DB96-4DCB-A350-08CE1F85DCA8}.Release|Any CPU.Build.0 = Release|Any CPU
		{9354EF32-260F-46F9-AA5C-6F04EE098D51}.Debug|Any CPU.ActiveCfg = Debug|Any CPU
		{9354EF32-260F-46F9-AA5C-6F04EE098D51}.Debug|Any CPU.Build.0 = Debug|Any CPU
		{9354EF32-260F-46F9-AA5C-6F04EE098D51}.Release|Any CPU.ActiveCfg = Release|Any CPU
		{9354EF32-260F-46F9-AA5C-6F04EE098D51}.Release|Any CPU.Build.0 = Release|Any CPU
		{DA1C08C6-364B-400C-B305-4BEFBC5F5C53}.Debug|Any CPU.ActiveCfg = Debug|Any CPU
		{DA1C08C6-364B-400C-B305-4BEFBC5F5C53}.Debug|Any CPU.Build.0 = Debug|Any CPU
		{DA1C08C6-364B-400C-B305-4BEFBC5F5C53}.Release|Any CPU.ActiveCfg = Release|Any CPU
		{DA1C08C6-364B-400C-B305-4BEFBC5F5C53}.Release|Any CPU.Build.0 = Release|Any CPU
		{2930944F-1F73-4030-AF3D-E010F3FB769E}.Debug|Any CPU.ActiveCfg = Debug|Any CPU
		{2930944F-1F73-4030-AF3D-E010F3FB769E}.Debug|Any CPU.Build.0 = Debug|Any CPU
		{2930944F-1F73-4030-AF3D-E010F3FB769E}.Release|Any CPU.ActiveCfg = Release|Any CPU
		{2930944F-1F73-4030-AF3D-E010F3FB769E}.Release|Any CPU.Build.0 = Release|Any CPU
		{26F446BB-3677-4765-AE56-6834393DC7F4}.Debug|Any CPU.ActiveCfg = Debug|Any CPU
		{26F446BB-3677-4765-AE56-6834393DC7F4}.Debug|Any CPU.Build.0 = Debug|Any CPU
		{26F446BB-3677-4765-AE56-6834393DC7F4}.Release|Any CPU.ActiveCfg = Release|Any CPU
		{26F446BB-3677-4765-AE56-6834393DC7F4}.Release|Any CPU.Build.0 = Release|Any CPU
	EndGlobalSection
	GlobalSection(SolutionProperties) = preSolution
		HideSolutionNode = FALSE
	EndGlobalSection
	GlobalSection(ExtensibilityGlobals) = postSolution
		SolutionGuid = {CF9BF6B6-8EA5-48F9-93BE-691A0AEDC1E7}
	EndGlobalSection
EndGlobal
